{
  "requires": true,
  "lockfileVersion": 1,
  "dependencies": {
    "@splidejs/splide": {
      "version": "3.6.6",
      "resolved": "https://registry.npmjs.org/@splidejs/splide/-/splide-3.6.6.tgz",
      "integrity": "sha512-PMBgwBqo6n3FvSQHQf0vayTxVRM0wEvMrdUkFl5mqNrrcc5F57EJKyuDElwgyPXi++eQSgQi/C5Umyshx9RR8Q=="
    }
  }
}
